{
  "name": "learnings-of-node-js",
  "version": "1.0.0",
  "lockfileVersion": 3,
  "requires": true,
  "packages": {
    "": {
      "name": "learnings-of-node-js",
      "version": "1.0.0",
      "license": "ISC",
      "dependencies": {
        "random-fruits-name": "^1.10.2"
      }
    },
    "node_modules/random-fruits-name": {
      "version": "1.10.2",
      "resolved": "https://registry.npmjs.org/random-fruits-name/-/random-fruits-name-1.10.2.tgz",
      "integrity": "sha512-rwIyr+JvtXjH+yKN3HhvKrVGGsI62gdOZTW6Ri25EsKIi8ZcfZxQVegbpDNKubwfIbhjnbeDKJkZ2MM33skcmg==",
      "license": "MIT"
    }
  }
}
